
Microsoft Visual Studio Solution File, Format Version 12.00
# Visual Studio Version 16
VisualStudioVersion = 16.0.32802.440
MinimumVisualStudioVersion = 10.0.40219.1
Project("{FAE04EC0-301F-11D3-BF4B-00C04F79EFBC}") = "RushabhsBookStore", "RushabhsBookStore\RushabhsBookStore.csproj", "{68AF7B73-E16A-42BB-990B-E55F216A218A}"
EndProject
Global
	GlobalSection(SolutionConfigurationPlatforms) = preSolution
		Debug|Any CPU = Debug|Any CPU
		Release|Any CPU = Release|Any CPU
	EndGlobalSection
	GlobalSection(ProjectConfigurationPlatforms) = postSolution
		{68AF7B73-E16A-42BB-990B-E55F216A218A}.Debug|Any CPU.ActiveCfg = Debug|Any CPU
		{68AF7B73-E16A-42BB-990B-E55F216A218A}.Debug|Any CPU.Build.0 = Debug|Any CPU
		{68AF7B73-E16A-42BB-990B-E55F216A218A}.Release|Any CPU.ActiveCfg = Release|Any CPU
		{68AF7B73-E16A-42BB-990B-E55F216A218A}.Release|Any CPU.Build.0 = Release|Any CPU
	EndGlobalSection
	GlobalSection(SolutionProperties) = preSolution
		HideSolutionNode = FALSE
	EndGlobalSection
	GlobalSection(ExtensibilityGlobals) = postSolution
		SolutionGuid = {0EE90B40-0E8F-45AC-86A4-42D773C84CC9}
	EndGlobalSection
EndGlobal
